
Microsoft Visual Studio Solution File, Format Version 12.00
# Visual Studio Version 16
VisualStudioVersion = 16.0.31205.134
MinimumVisualStudioVersion = 10.0.40219.1
Project("{9A19103F-16F7-4668-BE54-9A1E7A4F7556}") = "WeatherAPI", "WeatherAPI.csproj", "{F96FAE7B-5FD2-40E1-AF04-1F3337D1067E}"
EndProject
Global
	GlobalSection(SolutionConfigurationPlatforms) = preSolution
		Debug|Any CPU = Debug|Any CPU
		Release|Any CPU = Release|Any CPU
	EndGlobalSection
	GlobalSection(ProjectConfigurationPlatforms) = postSolution
		{F96FAE7B-5FD2-40E1-AF04-1F3337D1067E}.Debug|Any CPU.ActiveCfg = Debug|Any CPU
		{F96FAE7B-5FD2-40E1-AF04-1F3337D1067E}.Debug|Any CPU.Build.0 = Debug|Any CPU
		{F96FAE7B-5FD2-40E1-AF04-1F3337D1067E}.Release|Any CPU.ActiveCfg = Release|Any CPU
		{F96FAE7B-5FD2-40E1-AF04-1F3337D1067E}.Release|Any CPU.Build.0 = Release|Any CPU
	EndGlobalSection
	GlobalSection(SolutionProperties) = preSolution
		HideSolutionNode = FALSE
	EndGlobalSection
	GlobalSection(ExtensibilityGlobals) = postSolution
		SolutionGuid = {8D202E1E-5291-45F2-9D4F-9C527DB6D6F5}
	EndGlobalSection
EndGlobal
